io.vertx:vertx-web:4.3.7:compile:
io.vertx:vertx-web-common:4.3.7:compile:
io.vertx:vertx-auth-common:4.3.7:compile:
io.vertx:vertx-bridge-common:4.3.7:compile:
io.vertx:vertx-core:4.3.7:compile:
io.netty:netty-handler:4.1.86.Final:compile:
com.fasterxml.jackson.core:jackson-core:2.14.0:compile:
io.netty:netty-handler-proxy:4.1.86.Final:compile:
io.netty:netty-resolver:4.1.86.Final:compile:
io.netty:netty-resolver-dns:4.1.86.Final:compile:
io.netty:netty-codec:4.1.86.Final:compile:
io.netty:netty-codec-dns:4.1.86.Final:compile:
io.netty:netty-codec-socks:4.1.86.Final:compile:
io.netty:netty-buffer:4.1.86.Final:compile:
io.netty:netty-codec-http:4.1.86.Final:compile:
io.netty:netty-common:4.1.86.Final:compile:
io.netty:netty-transport-native-unix-common:4.1.86.Final:compile:
io.netty:netty-codec-http2:4.1.86.Final:compile:
io.netty:netty-transport:4.1.86.Final:compile:
